
Microsoft Visual Studio Solution File, Format Version 12.00
# Visual Studio 15
VisualStudioVersion = 15.0.26730.15
MinimumVisualStudioVersion = 10.0.40219.1
Project("{FAE04EC0-301F-11D3-BF4B-00C04F79EFBC}") = "Lab2", "Lab2\Lab2.csproj", "{DB724864-85E1-4F19-9A6F-98A83EF7EA95}"
EndProject
Global
	GlobalSection(SolutionConfigurationPlatforms) = preSolution
		Debug|Any CPU = Debug|Any CPU
		Release|Any CPU = Release|Any CPU
	EndGlobalSection
	GlobalSection(ProjectConfigurationPlatforms) = postSolution
		{DB724864-85E1-4F19-9A6F-98A83EF7EA95}.Debug|Any CPU.ActiveCfg = Debug|Any CPU
		{DB724864-85E1-4F19-9A6F-98A83EF7EA95}.Debug|Any CPU.Build.0 = Debug|Any CPU
		{DB724864-85E1-4F19-9A6F-98A83EF7EA95}.Release|Any CPU.ActiveCfg = Release|Any CPU
		{DB724864-85E1-4F19-9A6F-98A83EF7EA95}.Release|Any CPU.Build.0 = Release|Any CPU
	EndGlobalSection
	GlobalSection(SolutionProperties) = preSolution
		HideSolutionNode = FALSE
	EndGlobalSection
	GlobalSection(ExtensibilityGlobals) = postSolution
		SolutionGuid = {22009012-741A-469B-9A3F-173BDC4292D1}
	EndGlobalSection
EndGlobal
